
Microsoft Visual Studio Solution File, Format Version 12.00
# Visual Studio Version 16
VisualStudioVersion = 16.0.30523.141
MinimumVisualStudioVersion = 10.0.40219.1
Project("{9A19103F-16F7-4668-BE54-9A1E7A4F7556}") = "GoHCalculator", "GoHCalculator\GoHCalculator.csproj", "{69D6ADFA-84C0-43A9-A22D-78FB978846C8}"
EndProject
Project("{2150E333-8FDC-42A3-9474-1A3956D46DE8}") = "GoHDashboard", "GoHDashboard", "{9BAFF0A4-A8B4-49B3-82BB-CA70F09DD73E}"
EndProject
Project("{9A19103F-16F7-4668-BE54-9A1E7A4F7556}") = "Blazor-Dashboard", "GoHDashboard\Blazor-Dashboard\Blazor-Dashboard.csproj", "{7E8E7E2D-FF03-457B-8562-000513878CFB}"
EndProject
Project("{9A19103F-16F7-4668-BE54-9A1E7A4F7556}") = "DonutChart", "GoHDashboard\Blazor-Charts\DonutChart\DonutChart.csproj", "{E219A3B5-BD73-449F-983F-23D812A829DA}"
EndProject
Project("{9A19103F-16F7-4668-BE54-9A1E7A4F7556}") = "HorizontalBarChart", "GoHDashboard\Blazor-Charts\HorizontalBarChart\HorizontalBarChart.csproj", "{741EE02F-3837-44B0-93E4-D0B0F72AD6A7}"
EndProject
Project("{9A19103F-16F7-4668-BE54-9A1E7A4F7556}") = "PieChart", "GoHDashboard\Blazor-Charts\PieChart\PieChart.csproj", "{C6909E0D-ADA9-46D4-B03C-C730826A697B}"
EndProject
Project("{9A19103F-16F7-4668-BE54-9A1E7A4F7556}") = "VerticalBarChart", "GoHDashboard\Blazor-Charts\VerticalBarChart\VerticalBarChart.csproj", "{21F288EA-E527-49C8-AEBF-B6A9986A750C}"
EndProject
Project("{9A19103F-16F7-4668-BE54-9A1E7A4F7556}") = "BulletBars", "GoHDashboard\Blazor-Sparkline\BulletBars\BulletBars.csproj", "{455BC43C-60AF-4EF4-B1B7-948DD98D686C}"
EndProject
Project("{9A19103F-16F7-4668-BE54-9A1E7A4F7556}") = "ColumnBars", "GoHDashboard\Blazor-Sparkline\ColumnBars\ColumnBars.csproj", "{361953CA-6B60-4313-A704-A68392540ADE}"
EndProject
Project("{9A19103F-16F7-4668-BE54-9A1E7A4F7556}") = "MiniPie", "GoHDashboard\Blazor-Sparkline\MiniPie\MiniPie.csproj", "{73D9D69C-BC6A-4A3C-99B0-779A1D4C3826}"
EndProject
Project("{9A19103F-16F7-4668-BE54-9A1E7A4F7556}") = "Sparklines", "GoHDashboard\Blazor-Sparkline\Sparklines\Sparklines.csproj", "{6C0AE136-B5FE-41E7-88DA-246508F5CCEE}"
EndProject
Project("{9A19103F-16F7-4668-BE54-9A1E7A4F7556}") = "WinLoss", "GoHDashboard\Blazor-Sparkline\WinLoss\WinLoss.csproj", "{DD851885-D5EE-468E-89F6-D492219E17B8}"
EndProject
Project("{9A19103F-16F7-4668-BE54-9A1E7A4F7556}") = "Blazor-Top-Menu", "GoHDashboard\BlazorTopMenu\Blazor-Top-Menu\Blazor-Top-Menu.csproj", "{F9CF0F91-5F74-4050-82C9-00422D5EBB9B}"
EndProject
Global
	GlobalSection(SolutionConfigurationPlatforms) = preSolution
		Debug|Any CPU = Debug|Any CPU
		Release|Any CPU = Release|Any CPU
	EndGlobalSection
	GlobalSection(ProjectConfigurationPlatforms) = postSolution
		{69D6ADFA-84C0-43A9-A22D-78FB978846C8}.Debug|Any CPU.ActiveCfg = Debug|Any CPU
		{69D6ADFA-84C0-43A9-A22D-78FB978846C8}.Debug|Any CPU.Build.0 = Debug|Any CPU
		{69D6ADFA-84C0-43A9-A22D-78FB978846C8}.Release|Any CPU.ActiveCfg = Release|Any CPU
		{69D6ADFA-84C0-43A9-A22D-78FB978846C8}.Release|Any CPU.Build.0 = Release|Any CPU
		{7E8E7E2D-FF03-457B-8562-000513878CFB}.Debug|Any CPU.ActiveCfg = Debug|Any CPU
		{7E8E7E2D-FF03-457B-8562-000513878CFB}.Debug|Any CPU.Build.0 = Debug|Any CPU
		{7E8E7E2D-FF03-457B-8562-000513878CFB}.Release|Any CPU.ActiveCfg = Release|Any CPU
		{7E8E7E2D-FF03-457B-8562-000513878CFB}.Release|Any CPU.Build.0 = Release|Any CPU
		{E219A3B5-BD73-449F-983F-23D812A829DA}.Debug|Any CPU.ActiveCfg = Debug|Any CPU
		{E219A3B5-BD73-449F-983F-23D812A829DA}.Debug|Any CPU.Build.0 = Debug|Any CPU
		{E219A3B5-BD73-449F-983F-23D812A829DA}.Release|Any CPU.ActiveCfg = Release|Any CPU
		{E219A3B5-BD73-449F-983F-23D812A829DA}.Release|Any CPU.Build.0 = Release|Any CPU
		{741EE02F-3837-44B0-93E4-D0B0F72AD6A7}.Debug|Any CPU.ActiveCfg = Debug|Any CPU
		{741EE02F-3837-44B0-93E4-D0B0F72AD6A7}.Debug|Any CPU.Build.0 = Debug|Any CPU
		{741EE02F-3837-44B0-93E4-D0B0F72AD6A7}.Release|Any CPU.ActiveCfg = Release|Any CPU
		{741EE02F-3837-44B0-93E4-D0B0F72AD6A7}.Release|Any CPU.Build.0 = Release|Any CPU
		{C6909E0D-ADA9-46D4-B03C-C730826A697B}.Debug|Any CPU.ActiveCfg = Debug|Any CPU
		{C6909E0D-ADA9-46D4-B03C-C730826A697B}.Debug|Any CPU.Build.0 = Debug|Any CPU
		{C6909E0D-ADA9-46D4-B03C-C730826A697B}.Release|Any CPU.ActiveCfg = Release|Any CPU
		{C6909E0D-ADA9-46D4-B03C-C730826A697B}.Release|Any CPU.Build.0 = Release|Any CPU
		{21F288EA-E527-49C8-AEBF-B6A9986A750C}.Debug|Any CPU.ActiveCfg = Debug|Any CPU
		{21F288EA-E527-49C8-AEBF-B6A9986A750C}.Debug|Any CPU.Build.0 = Debug|Any CPU
		{21F288EA-E527-49C8-AEBF-B6A9986A750C}.Release|Any CPU.ActiveCfg = Release|Any CPU
		{21F288EA-E527-49C8-AEBF-B6A9986A750C}.Release|Any CPU.Build.0 = Release|Any CPU
		{455BC43C-60AF-4EF4-B1B7-948DD98D686C}.Debug|Any CPU.ActiveCfg = Debug|Any CPU
		{455BC43C-60AF-4EF4-B1B7-948DD98D686C}.Debug|Any CPU.Build.0 = Debug|Any CPU
		{455BC43C-60AF-4EF4-B1B7-948DD98D686C}.Release|Any CPU.ActiveCfg = Release|Any CPU
		{455BC43C-60AF-4EF4-B1B7-948DD98D686C}.Release|Any CPU.Build.0 = Release|Any CPU
		{361953CA-6B60-4313-A704-A68392540ADE}.Debug|Any CPU.ActiveCfg = Debug|Any CPU
		{361953CA-6B60-4313-A704-A68392540ADE}.Debug|Any CPU.Build.0 = Debug|Any CPU
		{361953CA-6B60-4313-A704-A68392540ADE}.Release|Any CPU.ActiveCfg = Release|Any CPU
		{361953CA-6B60-4313-A704-A68392540ADE}.Release|Any CPU.Build.0 = Release|Any CPU
		{73D9D69C-BC6A-4A3C-99B0-779A1D4C3826}.Debug|Any CPU.ActiveCfg = Debug|Any CPU
		{73D9D69C-BC6A-4A3C-99B0-779A1D4C3826}.Debug|Any CPU.Build.0 = Debug|Any CPU
		{73D9D69C-BC6A-4A3C-99B0-779A1D4C3826}.Release|Any CPU.ActiveCfg = Release|Any CPU
		{73D9D69C-BC6A-4A3C-99B0-779A1D4C3826}.Release|Any CPU.Build.0 = Release|Any CPU
		{6C0AE136-B5FE-41E7-88DA-246508F5CCEE}.Debug|Any CPU.ActiveCfg = Debug|Any CPU
		{6C0AE136-B5FE-41E7-88DA-246508F5CCEE}.Debug|Any CPU.Build.0 = Debug|Any CPU
		{6C0AE136-B5FE-41E7-88DA-246508F5CCEE}.Release|Any CPU.ActiveCfg = Release|Any CPU
		{6C0AE136-B5FE-41E7-88DA-246508F5CCEE}.Release|Any CPU.Build.0 = Release|Any CPU
		{DD851885-D5EE-468E-89F6-D492219E17B8}.Debug|Any CPU.ActiveCfg = Debug|Any CPU
		{DD851885-D5EE-468E-89F6-D492219E17B8}.Debug|Any CPU.Build.0 = Debug|Any CPU
		{DD851885-D5EE-468E-89F6-D492219E17B8}.Release|Any CPU.ActiveCfg = Release|Any CPU
		{DD851885-D5EE-468E-89F6-D492219E17B8}.Release|Any CPU.Build.0 = Release|Any CPU
		{F9CF0F91-5F74-4050-82C9-00422D5EBB9B}.Debug|Any CPU.ActiveCfg = Debug|Any CPU
		{F9CF0F91-5F74-4050-82C9-00422D5EBB9B}.Debug|Any CPU.Build.0 = Debug|Any CPU
		{F9CF0F91-5F74-4050-82C9-00422D5EBB9B}.Release|Any CPU.ActiveCfg = Release|Any CPU
		{F9CF0F91-5F74-4050-82C9-00422D5EBB9B}.Release|Any CPU.Build.0 = Release|Any CPU
	EndGlobalSection
	GlobalSection(SolutionProperties) = preSolution
		HideSolutionNode = FALSE
	EndGlobalSection
	GlobalSection(NestedProjects) = preSolution
		{7E8E7E2D-FF03-457B-8562-000513878CFB} = {9BAFF0A4-A8B4-49B3-82BB-CA70F09DD73E}
		{E219A3B5-BD73-449F-983F-23D812A829DA} = {9BAFF0A4-A8B4-49B3-82BB-CA70F09DD73E}
		{741EE02F-3837-44B0-93E4-D0B0F72AD6A7} = {9BAFF0A4-A8B4-49B3-82BB-CA70F09DD73E}
		{C6909E0D-ADA9-46D4-B03C-C730826A697B} = {9BAFF0A4-A8B4-49B3-82BB-CA70F09DD73E}
		{21F288EA-E527-49C8-AEBF-B6A9986A750C} = {9BAFF0A4-A8B4-49B3-82BB-CA70F09DD73E}
		{455BC43C-60AF-4EF4-B1B7-948DD98D686C} = {9BAFF0A4-A8B4-49B3-82BB-CA70F09DD73E}
		{361953CA-6B60-4313-A704-A68392540ADE} = {9BAFF0A4-A8B4-49B3-82BB-CA70F09DD73E}
		{73D9D69C-BC6A-4A3C-99B0-779A1D4C3826} = {9BAFF0A4-A8B4-49B3-82BB-CA70F09DD73E}
		{6C0AE136-B5FE-41E7-88DA-246508F5CCEE} = {9BAFF0A4-A8B4-49B3-82BB-CA70F09DD73E}
		{DD851885-D5EE-468E-89F6-D492219E17B8} = {9BAFF0A4-A8B4-49B3-82BB-CA70F09DD73E}
		{F9CF0F91-5F74-4050-82C9-00422D5EBB9B} = {9BAFF0A4-A8B4-49B3-82BB-CA70F09DD73E}
	EndGlobalSection
	GlobalSection(ExtensibilityGlobals) = postSolution
		SolutionGuid = {7EE734D9-2F5D-4546-82D0-A7C93F813458}
	EndGlobalSection
EndGlobal
